schema_version = 1
digest = "2912f565ea90ebdfebb9848f6ca27d58d8b4697ce6e6fae7b9f177e1a2362bad"
skipped_directories = [
    ".ahu",
    ".worktrees",
    "target",
]
unscanned_config = []
symlinks = []

[[entries]]
path = ".agents/ahu/agents/arch-astra.md"
digest = "083c81a290281cc38c8e82eb914fa0b94e5b86b037f55409a7217d7949c2a4f8"
bytes = 6008
executable = false

[[entries]]
path = ".agents/ahu/agents/arch-glm.md"
digest = "bc2aeef8a288181e821a1277ba2578df011a371deffe7264e24b17e01165ab56"
bytes = 6016
executable = false

[[entries]]
path = ".agents/ahu/agents/arch-opus.md"
digest = "cd96cf30355b3ea9b9a6cb92b67021987483f9464582b95eca26e1648f269731"
bytes = 6012
executable = false

[[entries]]
path = ".agents/ahu/agents/defsec-astra.md"
digest = "212a43670957cb8677c1349bdacbe9d69cdde4877ea2f78a7ae374f131071aa3"
bytes = 7036
executable = false

[[entries]]
path = ".agents/ahu/agents/defsec-glm.md"
digest = "2c42caaebeb278c856adb9a5df502b23b3596b52adb584816409fdfcb8944298"
bytes = 7042
executable = false

[[entries]]
path = ".agents/ahu/agents/defsec-opus.md"
digest = "55036e08eb152cbe0e0eb78e214c8eb149393792e1048ddfb14d9d4979ab9848"
bytes = 7040
executable = false

[[entries]]
path = ".agents/ahu/agents/dev-agy.md"
digest = "9c482972fbefb8a6f947f841c89e41830c05911f663e169d4460463e9677112f"
bytes = 5900
executable = false

[[entries]]
path = ".agents/ahu/agents/dev-astra.md"
digest = "4d0c39ce78c9b0995fbdcfcb3ff38c4ac7cf0d5a86ced2e20f874ecf26b640ac"
bytes = 6947
executable = false

[[entries]]
path = ".agents/ahu/agents/dev-glm.md"
digest = "2853e720c2b85ea168cc3c890ee974d45fdecefcdc7fcb923cc103954b3de74a"
bytes = 6951
executable = false

[[entries]]
path = ".agents/ahu/agents/dev-opus.md"
digest = "1f9f457cb4c55ba33abe1a8132b32dc0eeab41261770faf6eb60201765b12ec1"
bytes = 3535
executable = false

[[entries]]
path = ".agents/ahu/agents/docs-astra.md"
digest = "e0fe04da5b622f26e5b09c484b3eb7af10c9a7634c5e2a1d9e74d0937744b02b"
bytes = 6761
executable = false

[[entries]]
path = ".agents/ahu/agents/docs-glm.md"
digest = "d5a635f7dcf9ccbf816df64ee60c2f17d59c73da75b1e1632acdc03d210a9560"
bytes = 6767
executable = false

[[entries]]
path = ".agents/ahu/agents/docs-opus.md"
digest = "a18638a6bfc5e164e05bf46744157baa6897791d1c20eab3f1b655caea3a90ef"
bytes = 6766
executable = false

[[entries]]
path = ".agents/ahu/agents/offsec-astra.md"
digest = "46c52c29b0a07287469e903e5607b6d332ceda737ce5f0855a6e4699414b1357"
bytes = 6509
executable = false

[[entries]]
path = ".agents/ahu/agents/roadmap-architect.md"
digest = "bdf15bdb26335a619797dcb79cb1d9052af99e951486bc4a8dfa34f95a08c924"
bytes = 3956
executable = false

[[entries]]
path = ".agents/ahu/agents/roadmap-product-manager.md"
digest = "77e16b590339c307ad693daf1a0142063c89d7a86843d964e07e4d390be67328"
bytes = 4065
executable = false

[[entries]]
path = ".agents/ahu/config.toml"
digest = "6775f4ad648bb79513316b0c34d4015e0caed350527c2fa1f49b3770d61dc2a6"
bytes = 414
executable = false

[[entries]]
path = ".agents/mcp_config.json"
digest = "40205d3d13c2c9e314a5c9a6500c731acbf34b46f3b9d5ad0f2d023ee653fe06"
bytes = 117
executable = false

[[entries]]
path = ".agents/skills/ahu-agent-context-critic/SKILL.md"
digest = "2dea5dec2dc406e9602c5b659706e6f8bb6df5f3df72ae0a5cedfed85e497e29"
bytes = 5485
executable = false

[[entries]]
path = ".agents/skills/ahu-architecture/SKILL.md"
digest = "eeab243e56be6d0e8629fab3d61b2a943f26d52ef4d2d5eefffb0ff2bbf0be3f"
bytes = 21861
executable = false

[[entries]]
path = ".agents/skills/ahu-direct-agents/SKILL.md"
digest = "a69a8223ce3ec32d2a377767a953a3675f08a9846c274aa19e8da7e9df976f95"
bytes = 7557
executable = false

[[entries]]
path = ".agents/skills/ahu-harness-upgrade/SKILL.md"
digest = "de5bef8a1e3289427f48e6cff36f34fb94fc54fc9e55bfd15d1c82149bd5390f"
bytes = 4660
executable = false

[[entries]]
path = ".agents/skills/ahu-release/SKILL.md"
digest = "49a354045ed0f38e796a6264141d54f9986eb007b09c14bfcd8692511f7f1e72"
bytes = 6644
executable = false

[[entries]]
path = ".agents/skills/ahu-typed-decisions/SKILL.md"
digest = "707077610e8b711bdef3ba6e8c7f559ca84f14aa4e2f607c0afa45d8bf174a4d"
bytes = 5991
executable = false

[[entries]]
path = ".agents/skills/discover-requirements/SKILL.md"
digest = "129931849a0b6dc263b21b2e52f56f19e96d412088cd4c4f3a94aae39ed1f609"
bytes = 5176
executable = false

[[entries]]
path = ".codex/config.toml"
digest = "375dd7fa25b370d223946f5daf2f0c33165bd022f6a13d23fbe02975ef79d82c"
bytes = 217
executable = false

[[entries]]
path = ".mcp.json"
digest = "40205d3d13c2c9e314a5c9a6500c731acbf34b46f3b9d5ad0f2d023ee653fe06"
bytes = 117
executable = false

[[entries]]
path = "AGENTS.md"
digest = "1a94fad2a7eb0162dfcc562eaebd5f51dda8571e40191a012516fe21ec524678"
bytes = 4110
executable = false

[[entries]]
path = "evals/skill-selection/fixture/.agents/skills/api-compatibility/SKILL.md"
digest = "dbf2a9bc7af45c3d36b33d99b0f3d229d0f1dca44bf5e3ed123b135194c19c5a"
bytes = 646
executable = false

[[entries]]
path = "evals/skill-selection/fixture/.agents/skills/cache-invalidation/SKILL.md"
digest = "1e0224bb9f1f8496c6a6b923d01ef96bcdda77d346d69de19be1d5f6ae028ba3"
bytes = 664
executable = false

[[entries]]
path = "evals/skill-selection/fixture/.agents/skills/data-redaction/SKILL.md"
digest = "5c7c9876e87b97f43848bceffeef448127430dc42f29e9cc38b2d3d7a771d4d4"
bytes = 714
executable = false

[[entries]]
path = "evals/skill-selection/fixture/.agents/skills/dependency-upgrade/SKILL.md"
digest = "0c548952f2a37223fcb522896ebf4a6d4896819da7b0cb6c49847c9e32ea2521"
bytes = 616
executable = false

[[entries]]
path = "evals/skill-selection/fixture/.agents/skills/deployment-rollback/SKILL.md"
digest = "9a47401537fc0b1b82f46a5dfd90ab9b4cf089e0c6706d62eb0352d258cc4003"
bytes = 670
executable = false

[[entries]]
path = "evals/skill-selection/fixture/.agents/skills/documentation-contract/SKILL.md"
digest = "ecf93444beeefa5d5f381eb6fc313ab62aa45c08aae0ac56adcb3cc6da8295d5"
bytes = 618
executable = false

[[entries]]
path = "evals/skill-selection/fixture/.agents/skills/evaluation-analysis/SKILL.md"
digest = "76bb500dfaee19d12bb56029103fbbd58bb778622dc6d17ba83559e4a9b98df7"
bytes = 651
executable = false

[[entries]]
path = "evals/skill-selection/fixture/.agents/skills/event-logging/SKILL.md"
digest = "725a3e1a75f1e133dd598b007659453ac249d8b795e38da3a78fc751b0abe05f"
bytes = 636
executable = false

[[entries]]
path = "evals/skill-selection/fixture/.agents/skills/mcp-diagnostics/SKILL.md"
digest = "5147d245af64dd801bf2ef1adcccbfebec66e050a399eb08b696e9ada7e1d796"
bytes = 686
executable = false

[[entries]]
path = "evals/skill-selection/fixture/.agents/skills/queue-recovery/SKILL.md"
digest = "1444725b6a9ca3acf98f3edf34a0f75e58bde4e8ee54fe7cf6f3b6d4191caaee"
bytes = 598
executable = false

[[entries]]
path = "evals/skill-selection/fixture/.agents/skills/release-readiness/SKILL.md"
digest = "76e85d2787a83e2a7befb457906c009cff5d13d958ff8531420ebefc681236a0"
bytes = 681
executable = false

[[entries]]
path = "evals/skill-selection/fixture/.agents/skills/schema-migration/SKILL.md"
digest = "4d73a8057719848a029e4eda97ca80a2231fc3d94a9288386a3baae0b75203f4"
bytes = 708
executable = false

[[entries]]
path = "evals/skill-selection/fixture/AGENTS.md"
digest = "9b4ffa45cde83ffb186408f2b50e96832dd06ce8eaa5f8a14658f0e8aa1b12f5"
bytes = 255
executable = false

[[entries]]
path = "opencode.json"
digest = "4ecc55dabff9aa1d56ed3bb9bd4b2f2ee2dc4fd66a97956c81b8d5f83ce80e57"
bytes = 590
executable = false
